
Microsoft Visual Studio Solution File, Format Version 12.00
# Visual Studio Version 17
VisualStudioVersion = 17.4.33110.190
MinimumVisualStudioVersion = 10.0.40219.1
Project("{FAE04EC0-301F-11D3-BF4B-00C04F79EFBC}") = "BookStore", "BookStore\BookStore.csproj", "{4209AC80-E7F0-4D56-BDDE-B7AF9C4BB8F3}"
EndProject
Global
	GlobalSection(SolutionConfigurationPlatforms) = preSolution
		Debug|Any CPU = Debug|Any CPU
		Release|Any CPU = Release|Any CPU
	EndGlobalSection
	GlobalSection(ProjectConfigurationPlatforms) = postSolution
		{4209AC80-E7F0-4D56-BDDE-B7AF9C4BB8F3}.Debug|Any CPU.ActiveCfg = Debug|Any CPU
		{4209AC80-E7F0-4D56-BDDE-B7AF9C4BB8F3}.Debug|Any CPU.Build.0 = Debug|Any CPU
		{4209AC80-E7F0-4D56-BDDE-B7AF9C4BB8F3}.Release|Any CPU.ActiveCfg = Release|Any CPU
		{4209AC80-E7F0-4D56-BDDE-B7AF9C4BB8F3}.Release|Any CPU.Build.0 = Release|Any CPU
	EndGlobalSection
	GlobalSection(SolutionProperties) = preSolution
		HideSolutionNode = FALSE
	EndGlobalSection
	GlobalSection(ExtensibilityGlobals) = postSolution
		SolutionGuid = {DECCF50F-509E-463D-B7C9-07B11C0A2422}
	EndGlobalSection
EndGlobal
